<?xml version="1.0" encoding="utf-8"?>
<Project ToolsVersion="4.0" xmlns="http://schemas.microsoft.com/developer/msbuild/2003">
  <ItemGroup>
    <Filter Include="소스 파일">
      <UniqueIdentifier>{4FC737F1-C7A5-4376-A066-2A32D752A2FF}</UniqueIdentifier>
      <Extensions>cpp;c;cc;cxx;c++;def;odl;idl;hpj;bat;asm;asmx</Extensions>
    </Filter>
    <Filter Include="헤더 파일">
      <UniqueIdentifier>{93995380-89BD-4b04-88EB-625FBE52EBFB}</UniqueIdentifier>
      <Extensions>h;hh;hpp;hxx;h++;hm;inl;inc;ipp;xsd</Extensions>
    </Filter>
    <Filter Include="리소스 파일">
      <UniqueIdentifier>{67DA6AB6-F800-4c08-8B7A-83BB121AAD01}</UniqueIdentifier>
      <Extensions>rc;ico;cur;bmp;dlg;rc2;rct;bin;rgs;gif;jpg;jpeg;jpe;resx;tiff;tif;png;wav;mfcribbon-ms</Extensions>
    </Filter>
  </ItemGroup>
  <ItemGroup>
    <ClCompile Include="D:\c\60문제\1번.c">
      <Filter>소스 파일</Filter>
    </ClCompile>
    <ClCompile Include="D:\c\60문제\2번.c">
      <Filter>소스 파일</Filter>
    </ClCompile>
    <ClCompile Include="D:\c\60문제\3번.c">
      <Filter>소스 파일</Filter>
    </ClCompile>
    <ClCompile Include="D:\c\60문제\4번.c">
      <Filter>소스 파일</Filter>
    </ClCompile>
    <ClCompile Include="D:\c\60문제\5번.c">
      <Filter>소스 파일</Filter>
    </ClCompile>
    <ClCompile Include="D:\c\60문제\6번.c">
      <Filter>소스 파일</Filter>
    </ClCompile>
    <ClCompile Include="D:\c\60문제\7번.c">
      <Filter>소스 파일</Filter>
    </ClCompile>
    <ClCompile Include="D:\c\60문제\8번.c">
      <Filter>소스 파일</Filter>
    </ClCompile>
    <ClCompile Include="D:\c\60문제\9번.c">
      <Filter>소스 파일</Filter>
    </ClCompile>
    <ClCompile Include="D:\c\60문제\10번.c">
      <Filter>소스 파일</Filter>
    </ClCompile>
    <ClCompile Include="D:\c\60문제\11번.c">
      <Filter>소스 파일</Filter>
    </ClCompile>
    <ClCompile Include="D:\c\60문제\12번.c">
      <Filter>소스 파일</Filter>
    </ClCompile>
    <ClCompile Include="D:\c\60문제\13번.c">
      <Filter>소스 파일</Filter>
    </ClCompile>
    <ClCompile Include="D:\c\60문제\14번.c">
      <Filter>소스 파일</Filter>
    </ClCompile>
    <ClCompile Include="D:\c\60문제\15번.c">
      <Filter>소스 파일</Filter>
    </ClCompile>
    <ClCompile Include="D:\c\60문제\16번.c">
      <Filter>소스 파일</Filter>
    </ClCompile>
    <ClCompile Include="D:\c\60문제\17번.c">
      <Filter>소스 파일</Filter>
    </ClCompile>
    <ClCompile Include="D:\c\60문제\18번.c">
      <Filter>소스 파일</Filter>
    </ClCompile>
    <ClCompile Include="D:\c\60문제\19번.c">
      <Filter>소스 파일</Filter>
    </ClCompile>
    <ClCompile Include="D:\c\60문제\20번.c">
      <Filter>소스 파일</Filter>
    </ClCompile>
    <ClCompile Include="D:\c\60문제\21번.c">
      <Filter>소스 파일</Filter>
    </ClCompile>
    <ClCompile Include="D:\c\60문제\22번.c">
      <Filter>소스 파일</Filter>
    </ClCompile>
    <ClCompile Include="D:\c\60문제\23번.c">
      <Filter>소스 파일</Filter>
    </ClCompile>
    <ClCompile Include="D:\c\60문제\24번.c">
      <Filter>소스 파일</Filter>
    </ClCompile>
    <ClCompile Include="D:\c\60문제\25번.c">
      <Filter>소스 파일</Filter>
    </ClCompile>
    <ClCompile Include="D:\c\60문제\26번.c">
      <Filter>소스 파일</Filter>
    </ClCompile>
    <ClCompile Include="D:\c\60문제\27번.c">
      <Filter>소스 파일</Filter>
    </ClCompile>
    <ClCompile Include="D:\c\60문제\28번.c">
      <Filter>소스 파일</Filter>
    </ClCompile>
    <ClCompile Include="D:\c\60문제\29번.c">
      <Filter>소스 파일</Filter>
    </ClCompile>
    <ClCompile Include="D:\c\60문제\30번.c">
      <Filter>소스 파일</Filter>
    </ClCompile>
    <ClCompile Include="D:\c\60문제\31번.c">
      <Filter>소스 파일</Filter>
    </ClCompile>
    <ClCompile Include="D:\c\60문제\32번.c">
      <Filter>소스 파일</Filter>
    </ClCompile>
    <ClCompile Include="D:\c\60문제\33번.c">
      <Filter>소스 파일</Filter>
    </ClCompile>
    <ClCompile Include="D:\c\60문제\34번.c">
      <Filter>소스 파일</Filter>
    </ClCompile>
    <ClCompile Include="D:\c\60문제\35번.c">
      <Filter>소스 파일</Filter>
    </ClCompile>
    <ClCompile Include="D:\c\60문제\36번.c">
      <Filter>소스 파일</Filter>
    </ClCompile>
    <ClCompile Include="D:\c\60문제\37번.c">
      <Filter>소스 파일</Filter>
    </ClCompile>
    <ClCompile Include="D:\c\60문제\38번.c">
      <Filter>소스 파일</Filter>
    </ClCompile>
    <ClCompile Include="D:\c\60문제\39번.c">
      <Filter>소스 파일</Filter>
    </ClCompile>
    <ClCompile Include="D:\c\60문제\40번.c">
      <Filter>소스 파일</Filter>
    </ClCompile>
    <ClCompile Include="D:\c\60문제\41번.c">
      <Filter>소스 파일</Filter>
    </ClCompile>
    <ClCompile Include="D:\c\60문제\42번.c">
      <Filter>소스 파일</Filter>
    </ClCompile>
    <ClCompile Include="D:\c\60문제\43번.c">
      <Filter>소스 파일</Filter>
    </ClCompile>
    <ClCompile Include="D:\c\60문제\44번.c">
      <Filter>소스 파일</Filter>
    </ClCompile>
    <ClCompile Include="D:\c\60문제\45번.c">
      <Filter>소스 파일</Filter>
    </ClCompile>
    <ClCompile Include="D:\c\60문제\46번.c">
      <Filter>소스 파일</Filter>
    </ClCompile>
    <ClCompile Include="D:\c\60문제\47번.c">
      <Filter>소스 파일</Filter>
    </ClCompile>
    <ClCompile Include="D:\c\60문제\48번.c">
      <Filter>소스 파일</Filter>
    </ClCompile>
    <ClCompile Include="D:\c\60문제\49번.c">
      <Filter>소스 파일</Filter>
    </ClCompile>
    <ClCompile Include="D:\c\60문제\50번.c">
      <Filter>소스 파일</Filter>
    </ClCompile>
    <ClCompile Include="D:\c\60문제\51번.c">
      <Filter>소스 파일</Filter>
    </ClCompile>
    <ClCompile Include="D:\c\60문제\52번.c">
      <Filter>소스 파일</Filter>
    </ClCompile>
    <ClCompile Include="D:\c\60문제\53번.c">
      <Filter>소스 파일</Filter>
    </ClCompile>
    <ClCompile Include="D:\c\60문제\54번.c">
      <Filter>소스 파일</Filter>
    </ClCompile>
    <ClCompile Include="D:\c\60문제\55번.c">
      <Filter>소스 파일</Filter>
    </ClCompile>
    <ClCompile Include="D:\c\60문제\56번.c">
      <Filter>소스 파일</Filter>
    </ClCompile>
    <ClCompile Include="D:\c\60문제\57번.c">
      <Filter>소스 파일</Filter>
    </ClCompile>
    <ClCompile Include="D:\c\60문제\58번.c">
      <Filter>소스 파일</Filter>
    </ClCompile>
    <ClCompile Include="D:\c\60문제\59번.c">
      <Filter>소스 파일</Filter>
    </ClCompile>
    <ClCompile Include="D:\c\60문제\60번.c">
      <Filter>소스 파일</Filter>
    </ClCompile>
    <ClCompile Include="D:\c\60문제\하트.c">
      <Filter>소스 파일</Filter>
    </ClCompile>
  </ItemGroup>
</Project>